
Microsoft Visual Studio Solution File, Format Version 12.00
# Visual Studio Version 17
VisualStudioVersion = 17.5.002.0
MinimumVisualStudioVersion = 10.0.40219.1
Project("{9A19103F-16F7-4668-BE54-9A1E7A4F7556}") = "PermissionsApi", "PermissionsApi\PermissionsApi.csproj", "{CC11B576-B373-4AD9-A0B8-E58DD5D3727D}"
EndProject
Project("{9A19103F-16F7-4668-BE54-9A1E7A4F7556}") = "PermissionsApi.Tests", "PermissionsApi.Tests\PermissionsApi.Tests.csproj", "{1B7BBC73-C93A-4FA1-9C08-96F1686FF1A9}"
EndProject
Global
	GlobalSection(SolutionConfigurationPlatforms) = preSolution
		Debug|Any CPU = Debug|Any CPU
		Release|Any CPU = Release|Any CPU
	EndGlobalSection
	GlobalSection(ProjectConfigurationPlatforms) = postSolution
		{CC11B576-B373-4AD9-A0B8-E58DD5D3727D}.Debug|Any CPU.ActiveCfg = Debug|Any CPU
		{CC11B576-B373-4AD9-A0B8-E58DD5D3727D}.Debug|Any CPU.Build.0 = Debug|Any CPU
		{CC11B576-B373-4AD9-A0B8-E58DD5D3727D}.Release|Any CPU.ActiveCfg = Release|Any CPU
		{CC11B576-B373-4AD9-A0B8-E58DD5D3727D}.Release|Any CPU.Build.0 = Release|Any CPU
		{1B7BBC73-C93A-4FA1-9C08-96F1686FF1A9}.Debug|Any CPU.ActiveCfg = Debug|Any CPU
		{1B7BBC73-C93A-4FA1-9C08-96F1686FF1A9}.Debug|Any CPU.Build.0 = Debug|Any CPU
		{1B7BBC73-C93A-4FA1-9C08-96F1686FF1A9}.Release|Any CPU.ActiveCfg = Release|Any CPU
		{1B7BBC73-C93A-4FA1-9C08-96F1686FF1A9}.Release|Any CPU.Build.0 = Release|Any CPU
	EndGlobalSection
	GlobalSection(SolutionProperties) = preSolution
		HideSolutionNode = FALSE
	EndGlobalSection
	GlobalSection(ExtensibilityGlobals) = postSolution
		SolutionGuid = {11A41FBD-06DB-4CA9-BC0F-08CA6589F9C1}
	EndGlobalSection
EndGlobal
